
Microsoft Visual Studio Solution File, Format Version 12.00
# Visual Studio Version 17
VisualStudioVersion = 17.1.32421.90
MinimumVisualStudioVersion = 10.0.40219.1
Project("{FAE04EC0-301F-11D3-BF4B-00C04F79EFBC}") = "IndianStateCensusAnalyser", "IndianStateCensusAnalyser.csproj", "{9DBB3E04-7F60-4722-BE26-6A72E435B49B}"
EndProject
Global
	GlobalSection(SolutionConfigurationPlatforms) = preSolution
		Debug|Any CPU = Debug|Any CPU
		Release|Any CPU = Release|Any CPU
	EndGlobalSection
	GlobalSection(ProjectConfigurationPlatforms) = postSolution
		{9DBB3E04-7F60-4722-BE26-6A72E435B49B}.Debug|Any CPU.ActiveCfg = Debug|Any CPU
		{9DBB3E04-7F60-4722-BE26-6A72E435B49B}.Debug|Any CPU.Build.0 = Debug|Any CPU
		{9DBB3E04-7F60-4722-BE26-6A72E435B49B}.Release|Any CPU.ActiveCfg = Release|Any CPU
		{9DBB3E04-7F60-4722-BE26-6A72E435B49B}.Release|Any CPU.Build.0 = Release|Any CPU
	EndGlobalSection
	GlobalSection(SolutionProperties) = preSolution
		HideSolutionNode = FALSE
	EndGlobalSection
	GlobalSection(ExtensibilityGlobals) = postSolution
		SolutionGuid = {5FAAB246-C827-400A-8CBF-B3F5A6015F6B}
	EndGlobalSection
EndGlobal
